
Microsoft Visual Studio Solution File, Format Version 12.00
# Visual Studio Version 17
VisualStudioVersion = 17.5.33414.496
MinimumVisualStudioVersion = 10.0.40219.1
Project("{FAE04EC0-301F-11D3-BF4B-00C04F79EFBC}") = "LeaveManagement", "LeaveManagement\LeaveManagement.csproj", "{7E025463-33A8-4564-9893-A44A1DD18072}"
EndProject
Global
	GlobalSection(SolutionConfigurationPlatforms) = preSolution
		Debug|Any CPU = Debug|Any CPU
		Release|Any CPU = Release|Any CPU
	EndGlobalSection
	GlobalSection(ProjectConfigurationPlatforms) = postSolution
		{7E025463-33A8-4564-9893-A44A1DD18072}.Debug|Any CPU.ActiveCfg = Debug|Any CPU
		{7E025463-33A8-4564-9893-A44A1DD18072}.Debug|Any CPU.Build.0 = Debug|Any CPU
		{7E025463-33A8-4564-9893-A44A1DD18072}.Release|Any CPU.ActiveCfg = Release|Any CPU
		{7E025463-33A8-4564-9893-A44A1DD18072}.Release|Any CPU.Build.0 = Release|Any CPU
	EndGlobalSection
	GlobalSection(SolutionProperties) = preSolution
		HideSolutionNode = FALSE
	EndGlobalSection
	GlobalSection(ExtensibilityGlobals) = postSolution
		SolutionGuid = {FDBBB597-6C34-4A04-8572-18EBE3BCD484}
	EndGlobalSection
EndGlobal
